
Microsoft Visual Studio Solution File, Format Version 12.00
# Visual Studio Version 16
VisualStudioVersion = 16.0.32510.428
MinimumVisualStudioVersion = 10.0.40219.1
Project("{FAE04EC0-301F-11D3-BF4B-00C04F79EFBC}") = "CapaPresentacionAdmin", "CapaPresentacionAdmin\CapaPresentacionAdmin.csproj", "{4ED20C69-9947-42B9-9D1C-1D845AE84298}"
EndProject
Project("{FAE04EC0-301F-11D3-BF4B-00C04F79EFBC}") = "CapaPresentacionTienda", "CapaPresentacionTienda\CapaPresentacionTienda.csproj", "{BDD5B993-1A2F-4823-8235-D708A848287A}"
EndProject
Project("{2150E333-8FDC-42A3-9474-1A3956D46DE8}") = "Solution Items", "Solution Items", "{84ECD8A2-72A8-40EE-94D3-BAEA90C82A88}"
	ProjectSection(SolutionItems) = preProject
		SQL.txt = SQL.txt
	EndProjectSection
EndProject
Project("{FAE04EC0-301F-11D3-BF4B-00C04F79EFBC}") = "CapaDatos", "CapaDatos\CapaDatos.csproj", "{CE3033B2-D157-4D7E-B5C2-40D3AB2259BF}"
EndProject
Project("{FAE04EC0-301F-11D3-BF4B-00C04F79EFBC}") = "CapaEntidad", "CapaEntidad\CapaEntidad.csproj", "{D973FF59-FB17-48DC-8008-ECB42D5A935B}"
EndProject
Project("{FAE04EC0-301F-11D3-BF4B-00C04F79EFBC}") = "CapaNegocio", "CapaNegocio\CapaNegocio.csproj", "{31422ECB-4829-4565-AC51-884AECC33226}"
EndProject
Global
	GlobalSection(SolutionConfigurationPlatforms) = preSolution
		Debug|Any CPU = Debug|Any CPU
		Release|Any CPU = Release|Any CPU
	EndGlobalSection
	GlobalSection(ProjectConfigurationPlatforms) = postSolution
		{4ED20C69-9947-42B9-9D1C-1D845AE84298}.Debug|Any CPU.ActiveCfg = Debug|Any CPU
		{4ED20C69-9947-42B9-9D1C-1D845AE84298}.Debug|Any CPU.Build.0 = Debug|Any CPU
		{4ED20C69-9947-42B9-9D1C-1D845AE84298}.Release|Any CPU.ActiveCfg = Release|Any CPU
		{4ED20C69-9947-42B9-9D1C-1D845AE84298}.Release|Any CPU.Build.0 = Release|Any CPU
		{BDD5B993-1A2F-4823-8235-D708A848287A}.Debug|Any CPU.ActiveCfg = Debug|Any CPU
		{BDD5B993-1A2F-4823-8235-D708A848287A}.Debug|Any CPU.Build.0 = Debug|Any CPU
		{BDD5B993-1A2F-4823-8235-D708A848287A}.Release|Any CPU.ActiveCfg = Release|Any CPU
		{BDD5B993-1A2F-4823-8235-D708A848287A}.Release|Any CPU.Build.0 = Release|Any CPU
		{CE3033B2-D157-4D7E-B5C2-40D3AB2259BF}.Debug|Any CPU.ActiveCfg = Debug|Any CPU
		{CE3033B2-D157-4D7E-B5C2-40D3AB2259BF}.Debug|Any CPU.Build.0 = Debug|Any CPU
		{CE3033B2-D157-4D7E-B5C2-40D3AB2259BF}.Release|Any CPU.ActiveCfg = Release|Any CPU
		{CE3033B2-D157-4D7E-B5C2-40D3AB2259BF}.Release|Any CPU.Build.0 = Release|Any CPU
		{D973FF59-FB17-48DC-8008-ECB42D5A935B}.Debug|Any CPU.ActiveCfg = Debug|Any CPU
		{D973FF59-FB17-48DC-8008-ECB42D5A935B}.Debug|Any CPU.Build.0 = Debug|Any CPU
		{D973FF59-FB17-48DC-8008-ECB42D5A935B}.Release|Any CPU.ActiveCfg = Release|Any CPU
		{D973FF59-FB17-48DC-8008-ECB42D5A935B}.Release|Any CPU.Build.0 = Release|Any CPU
		{31422ECB-4829-4565-AC51-884AECC33226}.Debug|Any CPU.ActiveCfg = Debug|Any CPU
		{31422ECB-4829-4565-AC51-884AECC33226}.Debug|Any CPU.Build.0 = Debug|Any CPU
		{31422ECB-4829-4565-AC51-884AECC33226}.Release|Any CPU.ActiveCfg = Release|Any CPU
		{31422ECB-4829-4565-AC51-884AECC33226}.Release|Any CPU.Build.0 = Release|Any CPU
	EndGlobalSection
	GlobalSection(SolutionProperties) = preSolution
		HideSolutionNode = FALSE
	EndGlobalSection
	GlobalSection(ExtensibilityGlobals) = postSolution
		SolutionGuid = {D9724542-A755-4ED0-8F33-42C3E9989C3D}
	EndGlobalSection
EndGlobal
